Microsoft Visual Studio Solution File, Format Version 12.00
# Visual Studio 15
VisualStudioVersion = 15.0.27703.2042
MinimumVisualStudioVersion = 10.0.40219.1
Project("{8BC9CEB8-8B4A-11D0-8D11-00A0C91BC942}") = "SampleDev", "Application\SampleDev.vcxproj", "{65D2F028-646C-4064-B37E-644F684C5B24}"
EndProject
Project("{FAE04EC0-301F-11D3-BF4B-00C04F79EFBC}") = "TestProject", "TestProject\TestProject.csproj", "{446AD9C6-31B4-445D-A9EE-60BE6860C002}"
EndProject
Project("{FAE04EC0-301F-11D3-BF4B-00C04F79EFBC}") = "GEALTestClient", "GEALTestClient\GEALTestClient.csproj", "{9C9408D3-C29D-47D6-8B90-A45DFA6AAAB4}"
EndProject
Global
	GlobalSection(SolutionConfigurationPlatforms) = preSolution
		Debug|Any CPU = Debug|Any CPU
		Debug|x86 = Debug|x86
		Release|Any CPU = Release|Any CPU
		Release|x86 = Release|x86
	EndGlobalSection
	GlobalSection(ProjectConfigurationPlatforms) = postSolution
		{65D2F028-646C-4064-B37E-644F684C5B24}.Debug|Any CPU.ActiveCfg = Debug|Win32
		{65D2F028-646C-4064-B37E-644F684C5B24}.Debug|x86.ActiveCfg = Debug|Win32
		{65D2F028-646C-4064-B37E-644F684C5B24}.Debug|x86.Build.0 = Debug|Win32
		{65D2F028-646C-4064-B37E-644F684C5B24}.Release|Any CPU.ActiveCfg = Release|Win32
		{65D2F028-646C-4064-B37E-644F684C5B24}.Release|x86.ActiveCfg = Debug|Win32
		{65D2F028-646C-4064-B37E-644F684C5B24}.Release|x86.Build.0 = Debug|Win32
		{446AD9C6-31B4-445D-A9EE-60BE6860C002}.Debug|Any CPU.ActiveCfg = Debug|Any CPU
		{446AD9C6-31B4-445D-A9EE-60BE6860C002}.Debug|Any CPU.Build.0 = Debug|Any CPU
		{446AD9C6-31B4-445D-A9EE-60BE6860C002}.Debug|x86.ActiveCfg = Debug|Any CPU
		{446AD9C6-31B4-445D-A9EE-60BE6860C002}.Debug|x86.Build.0 = Debug|Any CPU
		{446AD9C6-31B4-445D-A9EE-60BE6860C002}.Release|Any CPU.ActiveCfg = Release|Any CPU
		{446AD9C6-31B4-445D-A9EE-60BE6860C002}.Release|Any CPU.Build.0 = Release|Any CPU
		{446AD9C6-31B4-445D-A9EE-60BE6860C002}.Release|x86.ActiveCfg = Debug|Any CPU
		{446AD9C6-31B4-445D-A9EE-60BE6860C002}.Release|x86.Build.0 = Debug|Any CPU
		{9C9408D3-C29D-47D6-8B90-A45DFA6AAAB4}.Debug|Any CPU.ActiveCfg = Debug|Any CPU
		{9C9408D3-C29D-47D6-8B90-A45DFA6AAAB4}.Debug|Any CPU.Build.0 = Debug|Any CPU
		{9C9408D3-C29D-47D6-8B90-A45DFA6AAAB4}.Debug|x86.ActiveCfg = Debug|Any CPU
		{9C9408D3-C29D-47D6-8B90-A45DFA6AAAB4}.Debug|x86.Build.0 = Debug|Any CPU
		{9C9408D3-C29D-47D6-8B90-A45DFA6AAAB4}.Release|Any CPU.ActiveCfg = Release|Any CPU
		{9C9408D3-C29D-47D6-8B90-A45DFA6AAAB4}.Release|Any CPU.Build.0 = Release|Any CPU
		{9C9408D3-C29D-47D6-8B90-A45DFA6AAAB4}.Release|x86.ActiveCfg = Debug|Any CPU
		{9C9408D3-C29D-47D6-8B90-A45DFA6AAAB4}.Release|x86.Build.0 = Debug|Any CPU
	EndGlobalSection
	GlobalSection(SolutionProperties) = preSolution
		HideSolutionNode = FALSE
	EndGlobalSection
	GlobalSection(ExtensibilityGlobals) = postSolution
		SolutionGuid = {555B4C90-F54E-4155-9C6C-25F09E1E4A11}
	EndGlobalSection
EndGlobal
